
Microsoft Visual Studio Solution File, Format Version 12.00
# Visual Studio Version 16
VisualStudioVersion = 16.0.29424.173
MinimumVisualStudioVersion = 10.0.40219.1
Project("{9A19103F-16F7-4668-BE54-9A1E7A4F7556}") = "Polygons", "Polygons\Polygons.csproj", "{5ECB843C-6AAF-4BCF-8BBF-FA04B7915425}"
EndProject
Project("{9A19103F-16F7-4668-BE54-9A1E7A4F7556}") = "Polygons.Library", "Polygons.Library\Polygons.Library.csproj", "{0950AE0A-A606-403D-A801-863DDBF71274}"
EndProject
Project("{9A19103F-16F7-4668-BE54-9A1E7A4F7556}") = "People", "People\People.csproj", "{B5840173-E87E-485B-8A03-7059096F682C}"
EndProject
Project("{9A19103F-16F7-4668-BE54-9A1E7A4F7556}") = "People.Library", "People.Library\People.Library.csproj", "{C26F2125-672C-4DD3-8DCD-5CD71B8C3F22}"
EndProject
Project("{FAE04EC0-301F-11D3-BF4B-00C04F79EFBC}") = "ExplicitImplementation", "ExplicitImplementation\ExplicitImplementation.csproj", "{8A3B778F-501C-4601-9BCD-3935D27E7834}"
EndProject
Global
	GlobalSection(SolutionConfigurationPlatforms) = preSolution
		Debug|Any CPU = Debug|Any CPU
		Release|Any CPU = Release|Any CPU
	EndGlobalSection
	GlobalSection(ProjectConfigurationPlatforms) = postSolution
		{5ECB843C-6AAF-4BCF-8BBF-FA04B7915425}.Debug|Any CPU.ActiveCfg = Debug|Any CPU
		{5ECB843C-6AAF-4BCF-8BBF-FA04B7915425}.Debug|Any CPU.Build.0 = Debug|Any CPU
		{5ECB843C-6AAF-4BCF-8BBF-FA04B7915425}.Release|Any CPU.ActiveCfg = Release|Any CPU
		{5ECB843C-6AAF-4BCF-8BBF-FA04B7915425}.Release|Any CPU.Build.0 = Release|Any CPU
		{0950AE0A-A606-403D-A801-863DDBF71274}.Debug|Any CPU.ActiveCfg = Debug|Any CPU
		{0950AE0A-A606-403D-A801-863DDBF71274}.Debug|Any CPU.Build.0 = Debug|Any CPU
		{0950AE0A-A606-403D-A801-863DDBF71274}.Release|Any CPU.ActiveCfg = Release|Any CPU
		{0950AE0A-A606-403D-A801-863DDBF71274}.Release|Any CPU.Build.0 = Release|Any CPU
		{B5840173-E87E-485B-8A03-7059096F682C}.Debug|Any CPU.ActiveCfg = Debug|Any CPU
		{B5840173-E87E-485B-8A03-7059096F682C}.Debug|Any CPU.Build.0 = Debug|Any CPU
		{B5840173-E87E-485B-8A03-7059096F682C}.Release|Any CPU.ActiveCfg = Release|Any CPU
		{B5840173-E87E-485B-8A03-7059096F682C}.Release|Any CPU.Build.0 = Release|Any CPU
		{C26F2125-672C-4DD3-8DCD-5CD71B8C3F22}.Debug|Any CPU.ActiveCfg = Debug|Any CPU
		{C26F2125-672C-4DD3-8DCD-5CD71B8C3F22}.Debug|Any CPU.Build.0 = Debug|Any CPU
		{C26F2125-672C-4DD3-8DCD-5CD71B8C3F22}.Release|Any CPU.ActiveCfg = Release|Any CPU
		{C26F2125-672C-4DD3-8DCD-5CD71B8C3F22}.Release|Any CPU.Build.0 = Release|Any CPU
		{8A3B778F-501C-4601-9BCD-3935D27E7834}.Debug|Any CPU.ActiveCfg = Debug|Any CPU
		{8A3B778F-501C-4601-9BCD-3935D27E7834}.Debug|Any CPU.Build.0 = Debug|Any CPU
		{8A3B778F-501C-4601-9BCD-3935D27E7834}.Release|Any CPU.ActiveCfg = Release|Any CPU
		{8A3B778F-501C-4601-9BCD-3935D27E7834}.Release|Any CPU.Build.0 = Release|Any CPU
	EndGlobalSection
	GlobalSection(SolutionProperties) = preSolution
		HideSolutionNode = FALSE
	EndGlobalSection
	GlobalSection(ExtensibilityGlobals) = postSolution
		SolutionGuid = {C17F00E2-8FAB-4645-B59D-A77CE5284192}
	EndGlobalSection
EndGlobal
